
Microsoft Visual Studio Solution File, Format Version 12.00
# Visual Studio Version 17
VisualStudioVersion = 17.6.33723.286
MinimumVisualStudioVersion = 10.0.40219.1
Project("{FAE04EC0-301F-11D3-BF4B-00C04F79EFBC}") = "Imo", "Imo\Imo.csproj", "{239B26F4-9347-4304-BF35-92EFA235BDC9}"
EndProject
Global
	GlobalSection(SolutionConfigurationPlatforms) = preSolution
		Debug|Any CPU = Debug|Any CPU
		Release|Any CPU = Release|Any CPU
	EndGlobalSection
	GlobalSection(ProjectConfigurationPlatforms) = postSolution
		{239B26F4-9347-4304-BF35-92EFA235BDC9}.Debug|Any CPU.ActiveCfg = Debug|Any CPU
		{239B26F4-9347-4304-BF35-92EFA235BDC9}.Debug|Any CPU.Build.0 = Debug|Any CPU
		{239B26F4-9347-4304-BF35-92EFA235BDC9}.Release|Any CPU.ActiveCfg = Release|Any CPU
		{239B26F4-9347-4304-BF35-92EFA235BDC9}.Release|Any CPU.Build.0 = Release|Any CPU
	EndGlobalSection
	GlobalSection(SolutionProperties) = preSolution
		HideSolutionNode = FALSE
	EndGlobalSection
	GlobalSection(ExtensibilityGlobals) = postSolution
		SolutionGuid = {FB922A14-E42E-4B3C-9541-F89F83C31184}
	EndGlobalSection
EndGlobal
