{
  "requires": true,
  "lockfileVersion": 1,
  "dependencies": {
    "react-tag-autocomplete": {
      "version": "6.3.0",
      "resolved": "https://registry.npmjs.org/react-tag-autocomplete/-/react-tag-autocomplete-6.3.0.tgz",
      "integrity": "sha512-MUBVUFh5eOqshUm5NM20qp7zXk8TzSiKO4GoktlFzBLIOLs356npaMKtL02bm0nFV2f1zInUrXn1fq6+i5YX0w=="
    }
  }
}
